
Microsoft Visual Studio Solution File, Format Version 12.00
# Visual Studio Version 17
VisualStudioVersion = 17.0.31903.59
MinimumVisualStudioVersion = 10.0.40219.1
Project("{FAE04EC0-301F-11D3-BF4B-00C04F79EFBC}") = "LifeForge.Domain", "LifeForge.Domain\LifeForge.Domain.csproj", "{13C783A0-8FD2-4574-9C5F-CED03D0BCB78}"
EndProject
Project("{FAE04EC0-301F-11D3-BF4B-00C04F79EFBC}") = "LifeForge.Web", "LifeForge.Web\LifeForge.Web.csproj", "{CD30E5B3-A094-4F93-A8B6-71CFA0861DC1}"
EndProject
Global
	GlobalSection(SolutionConfigurationPlatforms) = preSolution
		Debug|Any CPU = Debug|Any CPU
		Debug|x64 = Debug|x64
		Debug|x86 = Debug|x86
		Release|Any CPU = Release|Any CPU
		Release|x64 = Release|x64
		Release|x86 = Release|x86
	EndGlobalSection
	GlobalSection(ProjectConfigurationPlatforms) = postSolution
		{13C783A0-8FD2-4574-9C5F-CED03D0BCB78}.Debug|Any CPU.ActiveCfg = Debug|Any CPU
		{13C783A0-8FD2-4574-9C5F-CED03D0BCB78}.Debug|Any CPU.Build.0 = Debug|Any CPU
		{13C783A0-8FD2-4574-9C5F-CED03D0BCB78}.Debug|x64.ActiveCfg = Debug|Any CPU
		{13C783A0-8FD2-4574-9C5F-CED03D0BCB78}.Debug|x64.Build.0 = Debug|Any CPU
		{13C783A0-8FD2-4574-9C5F-CED03D0BCB78}.Debug|x86.ActiveCfg = Debug|Any CPU
		{13C783A0-8FD2-4574-9C5F-CED03D0BCB78}.Debug|x86.Build.0 = Debug|Any CPU
		{13C783A0-8FD2-4574-9C5F-CED03D0BCB78}.Release|Any CPU.ActiveCfg = Release|Any CPU
		{13C783A0-8FD2-4574-9C5F-CED03D0BCB78}.Release|Any CPU.Build.0 = Release|Any CPU
		{13C783A0-8FD2-4574-9C5F-CED03D0BCB78}.Release|x64.ActiveCfg = Release|Any CPU
		{13C783A0-8FD2-4574-9C5F-CED03D0BCB78}.Release|x64.Build.0 = Release|Any CPU
		{13C783A0-8FD2-4574-9C5F-CED03D0BCB78}.Release|x86.ActiveCfg = Release|Any CPU
		{13C783A0-8FD2-4574-9C5F-CED03D0BCB78}.Release|x86.Build.0 = Release|Any CPU
		{CD30E5B3-A094-4F93-A8B6-71CFA0861DC1}.Debug|Any CPU.ActiveCfg = Debug|Any CPU
		{CD30E5B3-A094-4F93-A8B6-71CFA0861DC1}.Debug|Any CPU.Build.0 = Debug|Any CPU
		{CD30E5B3-A094-4F93-A8B6-71CFA0861DC1}.Debug|x64.ActiveCfg = Debug|Any CPU
		{CD30E5B3-A094-4F93-A8B6-71CFA0861DC1}.Debug|x64.Build.0 = Debug|Any CPU
		{CD30E5B3-A094-4F93-A8B6-71CFA0861DC1}.Debug|x86.ActiveCfg = Debug|Any CPU
		{CD30E5B3-A094-4F93-A8B6-71CFA0861DC1}.Debug|x86.Build.0 = Debug|Any CPU
		{CD30E5B3-A094-4F93-A8B6-71CFA0861DC1}.Release|Any CPU.ActiveCfg = Release|Any CPU
		{CD30E5B3-A094-4F93-A8B6-71CFA0861DC1}.Release|Any CPU.Build.0 = Release|Any CPU
		{CD30E5B3-A094-4F93-A8B6-71CFA0861DC1}.Release|x64.ActiveCfg = Release|Any CPU
		{CD30E5B3-A094-4F93-A8B6-71CFA0861DC1}.Release|x64.Build.0 = Release|Any CPU
		{CD30E5B3-A094-4F93-A8B6-71CFA0861DC1}.Release|x86.ActiveCfg = Release|Any CPU
		{CD30E5B3-A094-4F93-A8B6-71CFA0861DC1}.Release|x86.Build.0 = Release|Any CPU
	EndGlobalSection
	GlobalSection(SolutionProperties) = preSolution
		HideSolutionNode = FALSE
	EndGlobalSection
EndGlobal
